{
	"name": "create-webboot-template",
	"version": "1.0.0",
	"lockfileVersion": 3,
	"requires": true,
	"packages": {
		"": {
			"name": "create-webboot-template",
			"version": "1.0.0",
			"license": "ISC",
			"dependencies": {
				"fs-extra": "^11.3.0",
				"inquirer": "^12.5.2",
				"kolorist": "^1.8.0",
				"minimist": "^1.2.8"
			},
			"bin": {
				"create-webboot-template": "index.js"
			},
			"engines": {
				"node": ">=14.18.0"
			}
		},
		"../node_modules/.pnpm/fs-extra@11.3.0/node_modules/fs-extra": {
			"version": "11.3.0",
			"license": "MIT",
			"dependencies": {
				"graceful-fs": "^4.2.0",
				"jsonfile": "^6.0.1",
				"universalify": "^2.0.0"
			},
			"devDependencies": {
				"klaw": "^2.1.1",
				"klaw-sync": "^3.0.2",
				"minimist": "^1.1.1",
				"mocha": "^10.1.0",
				"nyc": "^15.0.0",
				"proxyquire": "^2.0.1",
				"read-dir-files": "^0.1.1",
				"standard": "^17.0.0"
			},
			"engines": {
				"node": ">=14.14"
			}
		},
		"../node_modules/.pnpm/inquirer@12.6.3_@types+node@22.15.32/node_modules/inquirer": {
			"version": "12.6.3",
			"license": "MIT",
			"dependencies": {
				"@inquirer/core": "^10.1.13",
				"@inquirer/prompts": "^7.5.3",
				"@inquirer/type": "^3.0.7",
				"ansi-escapes": "^4.3.2",
				"mute-stream": "^2.0.0",
				"run-async": "^3.0.0",
				"rxjs": "^7.8.2"
			},
			"devDependencies": {
				"@arethetypeswrong/cli": "^0.18.1",
				"@types/mute-stream": "^0.0.4",
				"tshy": "^3.0.2"
			},
			"engines": {
				"node": ">=18"
			},
			"peerDependencies": {
				"@types/node": ">=18"
			},
			"peerDependenciesMeta": {
				"@types/node": {
					"optional": true
				}
			}
		},
		"../node_modules/.pnpm/kolorist@1.8.0/node_modules/kolorist": {
			"version": "1.8.0",
			"license": "MIT",
			"devDependencies": {
				"@changesets/cli": "^2.26.0",
				"@esbuild-kit/cjs-loader": "^2.4.1",
				"@types/mocha": "^8.2.1",
				"@types/node": "^14.14.35",
				"mocha": "^8.3.2",
				"node-pty": "^0.10.0",
				"prettier": "^2.2.1",
				"rimraf": "^3.0.2",
				"typescript": "^4.2.3"
			}
		},
		"../node_modules/.pnpm/minimist@1.2.8/node_modules/minimist": {
			"version": "1.2.8",
			"license": "MIT",
			"devDependencies": {
				"@ljharb/eslint-config": "^21.0.1",
				"aud": "^2.0.2",
				"auto-changelog": "^2.4.0",
				"eslint": "=8.8.0",
				"in-publish": "^2.0.1",
				"npmignore": "^0.3.0",
				"nyc": "^10.3.2",
				"safe-publish-latest": "^2.0.0",
				"tape": "^5.6.3"
			},
			"funding": {
				"url": "https://github.com/sponsors/ljharb"
			}
		},
		"node_modules/fs-extra": {
			"resolved": "../node_modules/.pnpm/fs-extra@11.3.0/node_modules/fs-extra",
			"link": true
		},
		"node_modules/inquirer": {
			"resolved": "../node_modules/.pnpm/inquirer@12.6.3_@types+node@22.15.32/node_modules/inquirer",
			"link": true
		},
		"node_modules/kolorist": {
			"resolved": "../node_modules/.pnpm/kolorist@1.8.0/node_modules/kolorist",
			"link": true
		},
		"node_modules/minimist": {
			"resolved": "../node_modules/.pnpm/minimist@1.2.8/node_modules/minimist",
			"link": true
		}
	}
}
